
Microsoft Visual Studio Solution File, Format Version 15.00
# Visual Studio 2012
Project("{FAE04EC0-301F-11D3-BF4B-00C04F79EFBC}") = "Diskordia.Columbus.Bots", "Diskordia.Columbus.Bots\Diskordia.Columbus.Bots.csproj", "{18F6BAEE-323C-4E74-A51C-F2C4D6EBFDFE}"
EndProject
Project("{FAE04EC0-301F-11D3-BF4B-00C04F79EFBC}") = "Diskordia.Columbus.Common", "Diskordia.Columbus.Common\Diskordia.Columbus.Common.csproj", "{8E4F346F-2674-4C4F-BF59-7AE71C093394}"
EndProject
Project("{FAE04EC0-301F-11D3-BF4B-00C04F79EFBC}") = "Diskordia.Columbus.Staging", "Diskordia.Columbus.Staging\Diskordia.Columbus.Staging.csproj", "{BB32C43D-7A45-4446-B49E-54F897DD669B}"
EndProject
Project("{FAE04EC0-301F-11D3-BF4B-00C04F79EFBC}") = "Diskordia.Columbus.Contract", "Diskordia.Columbus.Contract\Diskordia.Columbus.Contract.csproj", "{3B38F922-A11B-425B-8F1A-4D8AE8F404E3}"
EndProject
Project("{FAE04EC0-301F-11D3-BF4B-00C04F79EFBC}") = "Diskordia.Columbus.BackgroundWorker", "Diskordia.Columbus.BackgroundWorker\Diskordia.Columbus.BackgroundWorker.csproj", "{D77576A2-24EC-402A-9A79-B20317FBF5C7}"
EndProject
Project("{E53339B2-1760-4266-BCC7-CA923CBCF16C}") = "docker-compose", "docker-compose.dcproj", "{20FCA7E9-7DE6-44CF-A239-39C728AA08D6}"
EndProject
Global
	GlobalSection(SolutionConfigurationPlatforms) = preSolution
		Debug|Any CPU = Debug|Any CPU
		Release|Any CPU = Release|Any CPU
	EndGlobalSection
	GlobalSection(ProjectConfigurationPlatforms) = postSolution
		{EC969D78-AB1F-4554-981E-6769405DEB26}.Debug|Any CPU.ActiveCfg = Debug|Any CPU
		{EC969D78-AB1F-4554-981E-6769405DEB26}.Release|Any CPU.ActiveCfg = Release|Any CPU
		{18F6BAEE-323C-4E74-A51C-F2C4D6EBFDFE}.Debug|Any CPU.ActiveCfg = Debug|Any CPU
		{18F6BAEE-323C-4E74-A51C-F2C4D6EBFDFE}.Debug|Any CPU.Build.0 = Debug|Any CPU
		{18F6BAEE-323C-4E74-A51C-F2C4D6EBFDFE}.Release|Any CPU.ActiveCfg = Release|Any CPU
		{18F6BAEE-323C-4E74-A51C-F2C4D6EBFDFE}.Release|Any CPU.Build.0 = Release|Any CPU
		{8E4F346F-2674-4C4F-BF59-7AE71C093394}.Debug|Any CPU.ActiveCfg = Debug|Any CPU
		{8E4F346F-2674-4C4F-BF59-7AE71C093394}.Debug|Any CPU.Build.0 = Debug|Any CPU
		{8E4F346F-2674-4C4F-BF59-7AE71C093394}.Release|Any CPU.ActiveCfg = Release|Any CPU
		{8E4F346F-2674-4C4F-BF59-7AE71C093394}.Release|Any CPU.Build.0 = Release|Any CPU
		{BB32C43D-7A45-4446-B49E-54F897DD669B}.Debug|Any CPU.ActiveCfg = Debug|Any CPU
		{BB32C43D-7A45-4446-B49E-54F897DD669B}.Debug|Any CPU.Build.0 = Debug|Any CPU
		{BB32C43D-7A45-4446-B49E-54F897DD669B}.Release|Any CPU.ActiveCfg = Release|Any CPU
		{BB32C43D-7A45-4446-B49E-54F897DD669B}.Release|Any CPU.Build.0 = Release|Any CPU
		{3B38F922-A11B-425B-8F1A-4D8AE8F404E3}.Debug|Any CPU.ActiveCfg = Debug|Any CPU
		{3B38F922-A11B-425B-8F1A-4D8AE8F404E3}.Debug|Any CPU.Build.0 = Debug|Any CPU
		{3B38F922-A11B-425B-8F1A-4D8AE8F404E3}.Release|Any CPU.ActiveCfg = Release|Any CPU
		{3B38F922-A11B-425B-8F1A-4D8AE8F404E3}.Release|Any CPU.Build.0 = Release|Any CPU
		{D77576A2-24EC-402A-9A79-B20317FBF5C7}.Debug|Any CPU.ActiveCfg = Debug|Any CPU
		{D77576A2-24EC-402A-9A79-B20317FBF5C7}.Debug|Any CPU.Build.0 = Debug|Any CPU
		{D77576A2-24EC-402A-9A79-B20317FBF5C7}.Release|Any CPU.ActiveCfg = Release|Any CPU
		{D77576A2-24EC-402A-9A79-B20317FBF5C7}.Release|Any CPU.Build.0 = Release|Any CPU
		{20FCA7E9-7DE6-44CF-A239-39C728AA08D6}.Debug|Any CPU.ActiveCfg = Debug|Any CPU
		{20FCA7E9-7DE6-44CF-A239-39C728AA08D6}.Debug|Any CPU.Build.0 = Debug|Any CPU
		{20FCA7E9-7DE6-44CF-A239-39C728AA08D6}.Release|Any CPU.ActiveCfg = Release|Any CPU
		{20FCA7E9-7DE6-44CF-A239-39C728AA08D6}.Release|Any CPU.Build.0 = Release|Any CPU
	EndGlobalSection
EndGlobal
