
Microsoft Visual Studio Solution File, Format Version 12.00
# Visual Studio 2012
Project("{FAE04EC0-301F-11D3-BF4B-00C04F79EFBC}") = "Diskordia.Columbus.Common", "Diskordia.Columbus.Common\Diskordia.Columbus.Common.csproj", "{8E4F346F-2674-4C4F-BF59-7AE71C093394}"
EndProject
Project("{FAE04EC0-301F-11D3-BF4B-00C04F79EFBC}") = "Diskordia.Columbus.Staging", "Diskordia.Columbus.Staging\Diskordia.Columbus.Staging.csproj", "{BB32C43D-7A45-4446-B49E-54F897DD669B}"
EndProject
Project("{FAE04EC0-301F-11D3-BF4B-00C04F79EFBC}") = "Diskordia.Columbus.Contract", "Diskordia.Columbus.Contract\Diskordia.Columbus.Contract.csproj", "{3B38F922-A11B-425B-8F1A-4D8AE8F404E3}"
EndProject
Project("{FAE04EC0-301F-11D3-BF4B-00C04F79EFBC}") = "Diskordia.Columbus.BackgroundWorker", "Diskordia.Columbus.BackgroundWorker\Diskordia.Columbus.BackgroundWorker.csproj", "{D77576A2-24EC-402A-9A79-B20317FBF5C7}"
EndProject
Project("{E53339B2-1760-4266-BCC7-CA923CBCF16C}") = "docker-compose", "docker-compose.dcproj", "{20FCA7E9-7DE6-44CF-A239-39C728AA08D6}"
EndProject
Project("{FAE04EC0-301F-11D3-BF4B-00C04F79EFBC}") = ".build", "build\.build.csproj", "{3AEC33C3-B6BE-4F26-A798-1FD94EBC5752}"
EndProject
Project("{FAE04EC0-301F-11D3-BF4B-00C04F79EFBC}") = "Diskordia.Columbus.FareDealScanner", "Diskordia.Columbus.FareDealScanner\Diskordia.Columbus.FareDealScanner.csproj", "{95360631-661A-4A29-95AA-AF69E57787FC}"
EndProject
Global
	GlobalSection(SolutionConfigurationPlatforms) = preSolution
		Debug|Any CPU = Debug|Any CPU
		Release|Any CPU = Release|Any CPU
		Debug|x64 = Debug|x64
		Debug|x86 = Debug|x86
		Release|x64 = Release|x64
		Release|x86 = Release|x86
	EndGlobalSection
	GlobalSection(ProjectConfigurationPlatforms) = postSolution
		{F1DE47BD-09E8-47D0-B744-AD3836A468A0}.Debug|Any CPU.ActiveCfg = Debug|Any CPU
		{F1DE47BD-09E8-47D0-B744-AD3836A468A0}.Release|Any CPU.ActiveCfg = Release|Any CPU
		{D1A5A89D-7B6A-42FB-9A11-8423448251C5}.Debug|Any CPU.ActiveCfg = Debug|Any CPU
		{D1A5A89D-7B6A-42FB-9A11-8423448251C5}.Release|Any CPU.ActiveCfg = Release|Any CPU
		{EC969D78-AB1F-4554-981E-6769405DEB26}.Debug|Any CPU.ActiveCfg = Debug|Any CPU
		{EC969D78-AB1F-4554-981E-6769405DEB26}.Release|Any CPU.ActiveCfg = Release|Any CPU
		{8E4F346F-2674-4C4F-BF59-7AE71C093394}.Debug|Any CPU.ActiveCfg = Debug|Any CPU
		{8E4F346F-2674-4C4F-BF59-7AE71C093394}.Debug|Any CPU.Build.0 = Debug|Any CPU
		{8E4F346F-2674-4C4F-BF59-7AE71C093394}.Release|Any CPU.ActiveCfg = Release|Any CPU
		{8E4F346F-2674-4C4F-BF59-7AE71C093394}.Release|Any CPU.Build.0 = Release|Any CPU
		{BB32C43D-7A45-4446-B49E-54F897DD669B}.Debug|Any CPU.ActiveCfg = Debug|Any CPU
		{BB32C43D-7A45-4446-B49E-54F897DD669B}.Debug|Any CPU.Build.0 = Debug|Any CPU
		{BB32C43D-7A45-4446-B49E-54F897DD669B}.Release|Any CPU.ActiveCfg = Release|Any CPU
		{BB32C43D-7A45-4446-B49E-54F897DD669B}.Release|Any CPU.Build.0 = Release|Any CPU
		{3B38F922-A11B-425B-8F1A-4D8AE8F404E3}.Debug|Any CPU.ActiveCfg = Debug|Any CPU
		{3B38F922-A11B-425B-8F1A-4D8AE8F404E3}.Debug|Any CPU.Build.0 = Debug|Any CPU
		{3B38F922-A11B-425B-8F1A-4D8AE8F404E3}.Release|Any CPU.ActiveCfg = Release|Any CPU
		{3B38F922-A11B-425B-8F1A-4D8AE8F404E3}.Release|Any CPU.Build.0 = Release|Any CPU
		{D77576A2-24EC-402A-9A79-B20317FBF5C7}.Debug|Any CPU.ActiveCfg = Debug|Any CPU
		{D77576A2-24EC-402A-9A79-B20317FBF5C7}.Debug|Any CPU.Build.0 = Debug|Any CPU
		{D77576A2-24EC-402A-9A79-B20317FBF5C7}.Release|Any CPU.ActiveCfg = Release|Any CPU
		{D77576A2-24EC-402A-9A79-B20317FBF5C7}.Release|Any CPU.Build.0 = Release|Any CPU
		{20FCA7E9-7DE6-44CF-A239-39C728AA08D6}.Debug|Any CPU.ActiveCfg = Debug|Any CPU
		{20FCA7E9-7DE6-44CF-A239-39C728AA08D6}.Debug|Any CPU.Build.0 = Debug|Any CPU
		{20FCA7E9-7DE6-44CF-A239-39C728AA08D6}.Release|Any CPU.ActiveCfg = Release|Any CPU
		{20FCA7E9-7DE6-44CF-A239-39C728AA08D6}.Release|Any CPU.Build.0 = Release|Any CPU
		{3AEC33C3-B6BE-4F26-A798-1FD94EBC5752}.Debug|Any CPU.ActiveCfg = Debug|Any CPU
		{3AEC33C3-B6BE-4F26-A798-1FD94EBC5752}.Release|Any CPU.ActiveCfg = Release|Any CPU
		{95360631-661A-4A29-95AA-AF69E57787FC}.Debug|Any CPU.ActiveCfg = Debug|Any CPU
		{95360631-661A-4A29-95AA-AF69E57787FC}.Debug|Any CPU.Build.0 = Debug|Any CPU
		{95360631-661A-4A29-95AA-AF69E57787FC}.Release|Any CPU.ActiveCfg = Release|Any CPU
		{95360631-661A-4A29-95AA-AF69E57787FC}.Release|Any CPU.Build.0 = Release|Any CPU
		{95360631-661A-4A29-95AA-AF69E57787FC}.Debug|x64.ActiveCfg = Debug|Any CPU
		{95360631-661A-4A29-95AA-AF69E57787FC}.Debug|x64.Build.0 = Debug|Any CPU
		{95360631-661A-4A29-95AA-AF69E57787FC}.Debug|x86.ActiveCfg = Debug|Any CPU
		{95360631-661A-4A29-95AA-AF69E57787FC}.Debug|x86.Build.0 = Debug|Any CPU
		{95360631-661A-4A29-95AA-AF69E57787FC}.Release|x64.ActiveCfg = Release|Any CPU
		{95360631-661A-4A29-95AA-AF69E57787FC}.Release|x64.Build.0 = Release|Any CPU
		{95360631-661A-4A29-95AA-AF69E57787FC}.Release|x86.ActiveCfg = Release|Any CPU
		{95360631-661A-4A29-95AA-AF69E57787FC}.Release|x86.Build.0 = Release|Any CPU
	EndGlobalSection
EndGlobal
